// !$*UTF8*$!
{
	archiveVersion = 1;
	classes = {
	};
	objectVersion = 48;
	objects = {

/* Begin PBXBuildFile section */
		3D8A20492058296A00881555 /* BTCPriceModel.swift in Sources */ = {isa = PBXBuildFile; fileRef = 3DDDFB0A1FD9814000C00561 /* BTCPriceModel.swift */; };
		3DAEF53D1FE43A1B00F9B22C /* MainViewController.swift in Sources */ = {isa = PBXBuildFile; fileRef = 3DAEF53C1FE43A1B00F9B22C /* MainViewController.swift */; };
		3DDDFAF91FD980DB00C00561 /* AppDelegate.swift in Sources */ = {isa = PBXBuildFile; fileRef = 3DDDFAF81FD980DB00C00561 /* AppDelegate.swift */; };
		3DDDFAFB1FD980DB00C00561 /* AddEditScreenController.swift in Sources */ = {isa = PBXBuildFile; fileRef = 3DDDFAFA1FD980DB00C00561 /* AddEditScreenController.swift */; };
		3DDDFAFE1FD980DB00C00561 /* Main.storyboard in Resources */ = {isa = PBXBuildFile; fileRef = 3DDDFAFC1FD980DB00C00561 /* Main.storyboard */; };
		3DDDFB001FD980DB00C00561 /* Assets.xcassets in Resources */ = {isa = PBXBuildFile; fileRef = 3DDDFAFF1FD980DB00C00561 /* Assets.xcassets */; };
		3DDDFB031FD980DB00C00561 /* LaunchScreen.storyboard in Resources */ = {isa = PBXBuildFile; fileRef = 3DDDFB011FD980DB00C00561 /* LaunchScreen.storyboard */; };
		3DDDFB0B1FD9814000C00561 /* BTCPriceModel.swift in Sources */ = {isa = PBXBuildFile; fileRef = 3DDDFB0A1FD9814000C00561 /* BTCPriceModel.swift */; };
		3DDDFB301FD982CF00C00561 /* BTCBuyTableCell.swift in Sources */ = {isa = PBXBuildFile; fileRef = 3DDDFB2F1FD982CF00C00561 /* BTCBuyTableCell.swift */; };
		3DDDFB331FD9894A00C00561 /* BTCModel.xcdatamodeld in Sources */ = {isa = PBXBuildFile; fileRef = 3DDDFB311FD9894A00C00561 /* BTCModel.xcdatamodeld */; };
		3DDDFB391FD98F6A00C00561 /* CoreDataBitcoinBuyManager.swift in Sources */ = {isa = PBXBuildFile; fileRef = 3DDDFB381FD98F6A00C00561 /* CoreDataBitcoinBuyManager.swift */; };
		3DF78DE4205ABAB8008AC829 /* BTCModel.xcdatamodeld in Sources */ = {isa = PBXBuildFile; fileRef = 3DDDFB311FD9894A00C00561 /* BTCModel.xcdatamodeld */; };
		3DFACF7220C969E600CCC092 /* PieCell.h in Headers */ = {isa = PBXBuildFile; fileRef = 3DFACF7020C969E600CCC092 /* PieCell.h */; settings = {ATTRIBUTES = (Public, ); }; };
		3DFACF7520C969E600CCC092 /* PieCell.framework in Frameworks */ = {isa = PBXBuildFile; fileRef = 3DFACF6E20C969E600CCC092 /* PieCell.framework */; };
		3DFACF7620C969E600CCC092 /* PieCell.framework in Embed Frameworks */ = {isa = PBXBuildFile; fileRef = 3DFACF6E20C969E600CCC092 /* PieCell.framework */; settings = {ATTRIBUTES = (CodeSignOnCopy, RemoveHeadersOnCopy, ); }; };
		3DFACF7D20C96A0100CCC092 /* JOSSYRingView.swift in Sources */ = {isa = PBXBuildFile; fileRef = 3DFACF7B20C96A0100CCC092 /* JOSSYRingView.swift */; };
		3DFACF7E20C96A0100CCC092 /* Cell.xib in Resources */ = {isa = PBXBuildFile; fileRef = 3DFACF7C20C96A0100CCC092 /* Cell.xib */; };
		577C9D7F200D225D0058F239 /* Settings.bundle in Resources */ = {isa = PBXBuildFile; fileRef = 577C9D7E200D225D0058F239 /* Settings.bundle */; };
		57A83BF82056037E002B0CA0 /* Interface.storyboard in Resources */ = {isa = PBXBuildFile; fileRef = 57A83BF62056037E002B0CA0 /* Interface.storyboard */; };
		57A83BFA2056037E002B0CA0 /* Assets.xcassets in Resources */ = {isa = PBXBuildFile; fileRef = 57A83BF92056037E002B0CA0 /* Assets.xcassets */; };
		57A83C012056037E002B0CA0 /* Monitor Extension.appex in Embed App Extensions */ = {isa = PBXBuildFile; fileRef = 57A83C002056037E002B0CA0 /* Monitor Extension.appex */; settings = {ATTRIBUTES = (RemoveHeadersOnCopy, ); }; };
		57A83C062056037E002B0CA0 /* InterfaceController.swift in Sources */ = {isa = PBXBuildFile; fileRef = 57A83C052056037E002B0CA0 /* InterfaceController.swift */; };
		57A83C082056037E002B0CA0 /* ExtensionDelegate.swift in Sources */ = {isa = PBXBuildFile; fileRef = 57A83C072056037E002B0CA0 /* ExtensionDelegate.swift */; };
		57A83C0A2056037E002B0CA0 /* ComplicationController.swift in Sources */ = {isa = PBXBuildFile; fileRef = 57A83C092056037E002B0CA0 /* ComplicationController.swift */; };
		57A83C0C2056037E002B0CA0 /* Assets.xcassets in Resources */ = {isa = PBXBuildFile; fileRef = 57A83C0B2056037E002B0CA0 /* Assets.xcassets */; };
		57A83C102056037E002B0CA0 /* Monitor.app in Embed Watch Content */ = {isa = PBXBuildFile; fileRef = 57A83BF42056037E002B0CA0 /* Monitor.app */; };
		57A83C1A205605CA002B0CA0 /* Helpers.swift in Sources */ = {isa = PBXBuildFile; fileRef = 57DA6FE41FEE4EFC00568BEB /* Helpers.swift */; };
		57DA6FE51FEE4EFC00568BEB /* Helpers.swift in Sources */ = {isa = PBXBuildFile; fileRef = 57DA6FE41FEE4EFC00568BEB /* Helpers.swift */; };
/* End PBXBuildFile section */

/* Begin PBXContainerItemProxy section */
		3DFACF7320C969E600CCC092 /* PBXContainerItemProxy */ = {
			isa = PBXContainerItemProxy;
			containerPortal = 3DDDFAED1FD980DA00C00561 /* Project object */;
			proxyType = 1;
			remoteGlobalIDString = 3DFACF6D20C969E600CCC092;
			remoteInfo = PieCell;
		};
		57A83C022056037E002B0CA0 /* PBXContainerItemProxy */ = {
			isa = PBXContainerItemProxy;
			containerPortal = 3DDDFAED1FD980DA00C00561 /* Project object */;
			proxyType = 1;
			remoteGlobalIDString = 57A83BFF2056037E002B0CA0;
			remoteInfo = "Monitor Extension";
		};
		57A83C0E2056037E002B0CA0 /* PBXContainerItemProxy */ = {
			isa = PBXContainerItemProxy;
			containerPortal = 3DDDFAED1FD980DA00C00561 /* Project object */;
			proxyType = 1;
			remoteGlobalIDString = 57A83BF32056037E002B0CA0;
			remoteInfo = Monitor;
		};
/* End PBXContainerItemProxy section */

/* Begin PBXCopyFilesBuildPhase section */
		3DFACF7A20C969E600CCC092 /* Embed Frameworks */ = {
			isa = PBXCopyFilesBuildPhase;
			buildActionMask = 2147483647;
			dstPath = "";
			dstSubfolderSpec = 10;
			files = (
				3DFACF7620C969E600CCC092 /* PieCell.framework in Embed Frameworks */,
			);
			name = "Embed Frameworks";
			runOnlyForDeploymentPostprocessing = 0;
		};
		57A83C162056037E002B0CA0 /* Embed App Extensions */ = {
			isa = PBXCopyFilesBuildPhase;
			buildActionMask = 2147483647;
			dstPath = "";
			dstSubfolderSpec = 13;
			files = (
				57A83C012056037E002B0CA0 /* Monitor Extension.appex in Embed App Extensions */,
			);
			name = "Embed App Extensions";
			runOnlyForDeploymentPostprocessing = 0;
		};
		57A83C182056037E002B0CA0 /* Embed Watch Content */ = {
			isa = PBXCopyFilesBuildPhase;
			buildActionMask = 2147483647;
			dstPath = "$(CONTENTS_FOLDER_PATH)/Watch";
			dstSubfolderSpec = 16;
			files = (
				57A83C102056037E002B0CA0 /* Monitor.app in Embed Watch Content */,
			);
			name = "Embed Watch Content";
			runOnlyForDeploymentPostprocessing = 0;
		};
/* End PBXCopyFilesBuildPhase section */

/* Begin PBXFileReference section */
		3DAEF53C1FE43A1B00F9B22C /* MainViewController.swift */ = {isa = PBXFileReference; lastKnownFileType = sourcecode.swift; path = MainViewController.swift; sourceTree = "<group>"; };
		3DDDFAF51FD980DB00C00561 /* Cryptarch.app */ = {isa = PBXFileReference; explicitFileType = wrapper.application; includeInIndex = 0; path = Cryptarch.app; sourceTree = BUILT_PRODUCTS_DIR; };
		3DDDFAF81FD980DB00C00561 /* AppDelegate.swift */ = {isa = PBXFileReference; lastKnownFileType = sourcecode.swift; path = AppDelegate.swift; sourceTree = "<group>"; };
		3DDDFAFA1FD980DB00C00561 /* AddEditScreenController.swift */ = {isa = PBXFileReference; lastKnownFileType = sourcecode.swift; path = AddEditScreenController.swift; sourceTree = "<group>"; };
		3DDDFAFD1FD980DB00C00561 /* Base */ = {isa = PBXFileReference; lastKnownFileType = file.storyboard; name = Base; path = Base.lproj/Main.storyboard; sourceTree = "<group>"; };
		3DDDFAFF1FD980DB00C00561 /* Assets.xcassets */ = {isa = PBXFileReference; lastKnownFileType = folder.assetcatalog; path = Assets.xcassets; sourceTree = "<group>"; };
		3DDDFB021FD980DB00C00561 /* Base */ = {isa = PBXFileReference; lastKnownFileType = file.storyboard; name = Base; path = Base.lproj/LaunchScreen.storyboard; sourceTree = "<group>"; };
		3DDDFB041FD980DB00C00561 /* Info.plist */ = {isa = PBXFileReference; lastKnownFileType = text.plist.xml; path = Info.plist; sourceTree = "<group>"; };
		3DDDFB0A1FD9814000C00561 /* BTCPriceModel.swift */ = {isa = PBXFileReference; lastKnownFileType = sourcecode.swift; path = BTCPriceModel.swift; sourceTree = "<group>"; };
		3DDDFB2F1FD982CF00C00561 /* BTCBuyTableCell.swift */ = {isa = PBXFileReference; lastKnownFileType = sourcecode.swift; path = BTCBuyTableCell.swift; sourceTree = "<group>"; };
		3DDDFB321FD9894A00C00561 /* BTCModel.xcdatamodel */ = {isa = PBXFileReference; lastKnownFileType = wrapper.xcdatamodel; path = BTCModel.xcdatamodel; sourceTree = "<group>"; };
		3DDDFB381FD98F6A00C00561 /* CoreDataBitcoinBuyManager.swift */ = {isa = PBXFileReference; lastKnownFileType = sourcecode.swift; path = CoreDataBitcoinBuyManager.swift; sourceTree = "<group>"; };
		3DDDFB3A1FD9BE4D00C00561 /* README.md */ = {isa = PBXFileReference; lastKnownFileType = net.daringfireball.markdown; path = README.md; sourceTree = SOURCE_ROOT; };
		3DFACF6E20C969E600CCC092 /* PieCell.framework */ = {isa = PBXFileReference; explicitFileType = wrapper.framework; includeInIndex = 0; path = PieCell.framework; sourceTree = BUILT_PRODUCTS_DIR; };
		3DFACF7020C969E600CCC092 /* PieCell.h */ = {isa = PBXFileReference; lastKnownFileType = sourcecode.c.h; path = PieCell.h; sourceTree = "<group>"; };
		3DFACF7120C969E600CCC092 /* Info.plist */ = {isa = PBXFileReference; lastKnownFileType = text.plist.xml; path = Info.plist; sourceTree = "<group>"; };
		3DFACF7B20C96A0100CCC092 /* JOSSYRingView.swift */ = {isa = PBXFileReference; fileEncoding = 4; lastKnownFileType = sourcecode.swift; path = JOSSYRingView.swift; sourceTree = "<group>"; };
		3DFACF7C20C96A0100CCC092 /* Cell.xib */ = {isa = PBXFileReference; fileEncoding = 4; lastKnownFileType = file.xib; path = Cell.xib; sourceTree = "<group>"; };
		577C9D7E200D225D0058F239 /* Settings.bundle */ = {isa = PBXFileReference; lastKnownFileType = "wrapper.plug-in"; path = Settings.bundle; sourceTree = "<group>"; };
		57A83BF42056037E002B0CA0 /* Monitor.app */ = {isa = PBXFileReference; explicitFileType = wrapper.application; includeInIndex = 0; path = Monitor.app; sourceTree = BUILT_PRODUCTS_DIR; };
		57A83BF72056037E002B0CA0 /* Base */ = {isa = PBXFileReference; lastKnownFileType = file.storyboard; name = Base; path = Base.lproj/Interface.storyboard; sourceTree = "<group>"; };
		57A83BF92056037E002B0CA0 /* Assets.xcassets */ = {isa = PBXFileReference; lastKnownFileType = folder.assetcatalog; path = Assets.xcassets; sourceTree = "<group>"; };
		57A83BFB2056037E002B0CA0 /* Info.plist */ = {isa = PBXFileReference; lastKnownFileType = text.plist.xml; path = Info.plist; sourceTree = "<group>"; };
		57A83C002056037E002B0CA0 /* Monitor Extension.appex */ = {isa = PBXFileReference; explicitFileType = "wrapper.app-extension"; includeInIndex = 0; path = "Monitor Extension.appex"; sourceTree = BUILT_PRODUCTS_DIR; };
		57A83C052056037E002B0CA0 /* InterfaceController.swift */ = {isa = PBXFileReference; lastKnownFileType = sourcecode.swift; path = InterfaceController.swift; sourceTree = "<group>"; };
		57A83C072056037E002B0CA0 /* ExtensionDelegate.swift */ = {isa = PBXFileReference; lastKnownFileType = sourcecode.swift; path = ExtensionDelegate.swift; sourceTree = "<group>"; };
		57A83C092056037E002B0CA0 /* ComplicationController.swift */ = {isa = PBXFileReference; lastKnownFileType = sourcecode.swift; path = ComplicationController.swift; sourceTree = "<group>"; };
		57A83C0B2056037E002B0CA0 /* Assets.xcassets */ = {isa = PBXFileReference; lastKnownFileType = folder.assetcatalog; path = Assets.xcassets; sourceTree = "<group>"; };
		57A83C0D2056037E002B0CA0 /* Info.plist */ = {isa = PBXFileReference; lastKnownFileType = text.plist.xml; path = Info.plist; sourceTree = "<group>"; };
		57DA6FE41FEE4EFC00568BEB /* Helpers.swift */ = {isa = PBXFileReference; lastKnownFileType = sourcecode.swift; path = Helpers.swift; sourceTree = "<group>"; };
/* End PBXFileReference section */

/* Begin PBXFrameworksBuildPhase section */
		3DDDFAF21FD980DB00C00561 /* Frameworks */ = {
			isa = PBXFrameworksBuildPhase;
			buildActionMask = 2147483647;
			files = (
				3DFACF7520C969E600CCC092 /* PieCell.framework in Frameworks */,
			);
			runOnlyForDeploymentPostprocessing = 0;
		};
		3DFACF6A20C969E600CCC092 /* Frameworks */ = {
			isa = PBXFrameworksBuildPhase;
			buildActionMask = 2147483647;
			files = (
			);
			runOnlyForDeploymentPostprocessing = 0;
		};
		57A83BFD2056037E002B0CA0 /* Frameworks */ = {
			isa = PBXFrameworksBuildPhase;
			buildActionMask = 2147483647;
			files = (
			);
			runOnlyForDeploymentPostprocessing = 0;
		};
/* End PBXFrameworksBuildPhase section */

/* Begin PBXGroup section */
		3DDDFAEC1FD980DA00C00561 = {
			isa = PBXGroup;
			children = (
				3DDDFB3A1FD9BE4D00C00561 /* README.md */,
				3DDDFAF71FD980DB00C00561 /* BitcoinInvestmentMonitor */,
				57A83BF52056037E002B0CA0 /* Monitor */,
				57A83C042056037E002B0CA0 /* Monitor Extension */,
				3DFACF6F20C969E600CCC092 /* PieCell */,
				3DDDFAF61FD980DB00C00561 /* Products */,
			);
			sourceTree = "<group>";
		};
		3DDDFAF61FD980DB00C00561 /* Products */ = {
			isa = PBXGroup;
			children = (
				3DDDFAF51FD980DB00C00561 /* Cryptarch.app */,
				57A83BF42056037E002B0CA0 /* Monitor.app */,
				57A83C002056037E002B0CA0 /* Monitor Extension.appex */,
				3DFACF6E20C969E600CCC092 /* PieCell.framework */,
			);
			name = Products;
			sourceTree = "<group>";
		};
		3DDDFAF71FD980DB00C00561 /* BitcoinInvestmentMonitor */ = {
			isa = PBXGroup;
			children = (
				3DAEF53C1FE43A1B00F9B22C /* MainViewController.swift */,
				577C9D7E200D225D0058F239 /* Settings.bundle */,
				3DDDFAF81FD980DB00C00561 /* AppDelegate.swift */,
				3DDDFAFA1FD980DB00C00561 /* AddEditScreenController.swift */,
				3DDDFB381FD98F6A00C00561 /* CoreDataBitcoinBuyManager.swift */,
				3DDDFB0A1FD9814000C00561 /* BTCPriceModel.swift */,
				3DDDFAFC1FD980DB00C00561 /* Main.storyboard */,
				3DDDFB2F1FD982CF00C00561 /* BTCBuyTableCell.swift */,
				57DA6FE41FEE4EFC00568BEB /* Helpers.swift */,
				3DDDFB311FD9894A00C00561 /* BTCModel.xcdatamodeld */,
				3DDDFAFF1FD980DB00C00561 /* Assets.xcassets */,
				3DDDFB011FD980DB00C00561 /* LaunchScreen.storyboard */,
				3DDDFB041FD980DB00C00561 /* Info.plist */,
			);
			path = BitcoinInvestmentMonitor;
			sourceTree = "<group>";
		};
		3DFACF6F20C969E600CCC092 /* PieCell */ = {
			isa = PBXGroup;
			children = (
				3DFACF7C20C96A0100CCC092 /* Cell.xib */,
				3DFACF7B20C96A0100CCC092 /* JOSSYRingView.swift */,
				3DFACF7020C969E600CCC092 /* PieCell.h */,
				3DFACF7120C969E600CCC092 /* Info.plist */,
			);
			path = PieCell;
			sourceTree = "<group>";
		};
		57A83BF52056037E002B0CA0 /* Monitor */ = {
			isa = PBXGroup;
			children = (
				57A83BF62056037E002B0CA0 /* Interface.storyboard */,
				57A83BF92056037E002B0CA0 /* Assets.xcassets */,
				57A83BFB2056037E002B0CA0 /* Info.plist */,
			);
			path = Monitor;
			sourceTree = "<group>";
		};
		57A83C042056037E002B0CA0 /* Monitor Extension */ = {
			isa = PBXGroup;
			children = (
				57A83C052056037E002B0CA0 /* InterfaceController.swift */,
				57A83C072056037E002B0CA0 /* ExtensionDelegate.swift */,
				57A83C092056037E002B0CA0 /* ComplicationController.swift */,
				57A83C0B2056037E002B0CA0 /* Assets.xcassets */,
				57A83C0D2056037E002B0CA0 /* Info.plist */,
			);
			path = "Monitor Extension";
			sourceTree = "<group>";
		};
/* End PBXGroup section */

/* Begin PBXHeadersBuildPhase section */
		3DFACF6B20C969E600CCC092 /* Headers */ = {
			isa = PBXHeadersBuildPhase;
			buildActionMask = 2147483647;
			files = (
				3DFACF7220C969E600CCC092 /* PieCell.h in Headers */,
			);
			runOnlyForDeploymentPostprocessing = 0;
		};
/* End PBXHeadersBuildPhase section */

/* Begin PBXNativeTarget section */
		3DDDFAF41FD980DB00C00561 /* BitcoinInvestmentMonitor */ = {
			isa = PBXNativeTarget;
			buildConfigurationList = 3DDDFB071FD980DB00C00561 /* Build configuration list for PBXNativeTarget "BitcoinInvestmentMonitor" */;
			buildPhases = (
				3DDDFAF11FD980DB00C00561 /* Sources */,
				3DDDFAF21FD980DB00C00561 /* Frameworks */,
				3DDDFAF31FD980DB00C00561 /* Resources */,
				57A83C182056037E002B0CA0 /* Embed Watch Content */,
				3DFACF7A20C969E600CCC092 /* Embed Frameworks */,
			);
			buildRules = (
			);
			dependencies = (
				57A83C0F2056037E002B0CA0 /* PBXTargetDependency */,
				3DFACF7420C969E600CCC092 /* PBXTargetDependency */,
			);
			name = BitcoinInvestmentMonitor;
			productName = BitcoinInvestmentMonitor;
			productReference = 3DDDFAF51FD980DB00C00561 /* Cryptarch.app */;
			productType = "com.apple.product-type.application";
		};
		3DFACF6D20C969E600CCC092 /* PieCell */ = {
			isa = PBXNativeTarget;
			buildConfigurationList = 3DFACF7920C969E600CCC092 /* Build configuration list for PBXNativeTarget "PieCell" */;
			buildPhases = (
				3DFACF6920C969E600CCC092 /* Sources */,
				3DFACF6A20C969E600CCC092 /* Frameworks */,
				3DFACF6B20C969E600CCC092 /* Headers */,
				3DFACF6C20C969E600CCC092 /* Resources */,
			);
			buildRules = (
			);
			dependencies = (
			);
			name = PieCell;
			productName = PieCell;
			productReference = 3DFACF6E20C969E600CCC092 /* PieCell.framework */;
			productType = "com.apple.product-type.framework";
		};
		57A83BF32056037E002B0CA0 /* Monitor */ = {
			isa = PBXNativeTarget;
			buildConfigurationList = 57A83C172056037E002B0CA0 /* Build configuration list for PBXNativeTarget "Monitor" */;
			buildPhases = (
				57A83BF22056037E002B0CA0 /* Resources */,
				57A83C162056037E002B0CA0 /* Embed App Extensions */,
			);
			buildRules = (
			);
			dependencies = (
				57A83C032056037E002B0CA0 /* PBXTargetDependency */,
			);
			name = Monitor;
			productName = Monitor;
			productReference = 57A83BF42056037E002B0CA0 /* Monitor.app */;
			productType = "com.apple.product-type.application.watchapp2";
		};
		57A83BFF2056037E002B0CA0 /* Monitor Extension */ = {
			isa = PBXNativeTarget;
			buildConfigurationList = 57A83C152056037E002B0CA0 /* Build configuration list for PBXNativeTarget "Monitor Extension" */;
			buildPhases = (
				57A83BFC2056037E002B0CA0 /* Sources */,
				57A83BFD2056037E002B0CA0 /* Frameworks */,
				57A83BFE2056037E002B0CA0 /* Resources */,
			);
			buildRules = (
			);
			dependencies = (
			);
			name = "Monitor Extension";
			productName = "Monitor Extension";
			productReference = 57A83C002056037E002B0CA0 /* Monitor Extension.appex */;
			productType = "com.apple.product-type.watchkit2-extension";
		};
/* End PBXNativeTarget section */

/* Begin PBXProject section */
		3DDDFAED1FD980DA00C00561 /* Project object */ = {
			isa = PBXProject;
			attributes = {
				LastSwiftUpdateCheck = 0920;
				LastUpgradeCheck = 0920;
				ORGANIZATIONNAME = "Joss Manger";
				TargetAttributes = {
					3DDDFAF41FD980DB00C00561 = {
						CreatedOnToolsVersion = 9.2;
						ProvisioningStyle = Automatic;
					};
					3DFACF6D20C969E600CCC092 = {
						CreatedOnToolsVersion = 9.4;
						LastSwiftMigration = 0940;
						ProvisioningStyle = Automatic;
					};
					57A83BF32056037E002B0CA0 = {
						CreatedOnToolsVersion = 9.2;
						ProvisioningStyle = Automatic;
					};
					57A83BFF2056037E002B0CA0 = {
						CreatedOnToolsVersion = 9.2;
						ProvisioningStyle = Automatic;
					};
				};
			};
			buildConfigurationList = 3DDDFAF01FD980DA00C00561 /* Build configuration list for PBXProject "BitcoinInvestmentMonitor" */;
			compatibilityVersion = "Xcode 8.0";
			developmentRegion = en;
			hasScannedForEncodings = 0;
			knownRegions = (
				en,
				Base,
			);
			mainGroup = 3DDDFAEC1FD980DA00C00561;
			productRefGroup = 3DDDFAF61FD980DB00C00561 /* Products */;
			projectDirPath = "";
			projectRoot = "";
			targets = (
				3DDDFAF41FD980DB00C00561 /* BitcoinInvestmentMonitor */,
				57A83BF32056037E002B0CA0 /* Monitor */,
				57A83BFF2056037E002B0CA0 /* Monitor Extension */,
				3DFACF6D20C969E600CCC092 /* PieCell */,
			);
		};
/* End PBXProject section */

/* Begin PBXResourcesBuildPhase section */
		3DDDFAF31FD980DB00C00561 /* Resources */ = {
			isa = PBXResourcesBuildPhase;
			buildActionMask = 2147483647;
			files = (
				577C9D7F200D225D0058F239 /* Settings.bundle in Resources */,
				3DDDFB031FD980DB00C00561 /* LaunchScreen.storyboard in Resources */,
				3DDDFB001FD980DB00C00561 /* Assets.xcassets in Resources */,
				3DDDFAFE1FD980DB00C00561 /* Main.storyboard in Resources */,
			);
			runOnlyForDeploymentPostprocessing = 0;
		};
		3DFACF6C20C969E600CCC092 /* Resources */ = {
			isa = PBXResourcesBuildPhase;
			buildActionMask = 2147483647;
			files = (
				3DFACF7E20C96A0100CCC092 /* Cell.xib in Resources */,
			);
			runOnlyForDeploymentPostprocessing = 0;
		};
		57A83BF22056037E002B0CA0 /* Resources */ = {
			isa = PBXResourcesBuildPhase;
			buildActionMask = 2147483647;
			files = (
				57A83BFA2056037E002B0CA0 /* Assets.xcassets in Resources */,
				57A83BF82056037E002B0CA0 /* Interface.storyboard in Resources */,
			);
			runOnlyForDeploymentPostprocessing = 0;
		};
		57A83BFE2056037E002B0CA0 /* Resources */ = {
			isa = PBXResourcesBuildPhase;
			buildActionMask = 2147483647;
			files = (
				57A83C0C2056037E002B0CA0 /* Assets.xcassets in Resources */,
			);
			runOnlyForDeploymentPostprocessing = 0;
		};
/* End PBXResourcesBuildPhase section */

/* Begin PBXSourcesBuildPhase section */
		3DDDFAF11FD980DB00C00561 /* Sources */ = {
			isa = PBXSourcesBuildPhase;
			buildActionMask = 2147483647;
			files = (
				3DDDFAFB1FD980DB00C00561 /* AddEditScreenController.swift in Sources */,
				3DDDFB0B1FD9814000C00561 /* BTCPriceModel.swift in Sources */,
				3DDDFB391FD98F6A00C00561 /* CoreDataBitcoinBuyManager.swift in Sources */,
				3DDDFAF91FD980DB00C00561 /* AppDelegate.swift in Sources */,
				57DA6FE51FEE4EFC00568BEB /* Helpers.swift in Sources */,
				3DDDFB301FD982CF00C00561 /* BTCBuyTableCell.swift in Sources */,
				3DDDFB331FD9894A00C00561 /* BTCModel.xcdatamodeld in Sources */,
				3DAEF53D1FE43A1B00F9B22C /* MainViewController.swift in Sources */,
			);
			runOnlyForDeploymentPostprocessing = 0;
		};
		3DFACF6920C969E600CCC092 /* Sources */ = {
			isa = PBXSourcesBuildPhase;
			buildActionMask = 2147483647;
			files = (
				3DFACF7D20C96A0100CCC092 /* JOSSYRingView.swift in Sources */,
			);
			runOnlyForDeploymentPostprocessing = 0;
		};
		57A83BFC2056037E002B0CA0 /* Sources */ = {
			isa = PBXSourcesBuildPhase;
			buildActionMask = 2147483647;
			files = (
				57A83C082056037E002B0CA0 /* ExtensionDelegate.swift in Sources */,
				57A83C062056037E002B0CA0 /* InterfaceController.swift in Sources */,
				57A83C0A2056037E002B0CA0 /* ComplicationController.swift in Sources */,
				57A83C1A205605CA002B0CA0 /* Helpers.swift in Sources */,
				3D8A20492058296A00881555 /* BTCPriceModel.swift in Sources */,
				3DF78DE4205ABAB8008AC829 /* BTCModel.xcdatamodeld in Sources */,
			);
			runOnlyForDeploymentPostprocessing = 0;
		};
/* End PBXSourcesBuildPhase section */

/* Begin PBXTargetDependency section */
		3DFACF7420C969E600CCC092 /* PBXTargetDependency */ = {
			isa = PBXTargetDependency;
			target = 3DFACF6D20C969E600CCC092 /* PieCell */;
			targetProxy = 3DFACF7320C969E600CCC092 /* PBXContainerItemProxy */;
		};
		57A83C032056037E002B0CA0 /* PBXTargetDependency */ = {
			isa = PBXTargetDependency;
			target = 57A83BFF2056037E002B0CA0 /* Monitor Extension */;
			targetProxy = 57A83C022056037E002B0CA0 /* PBXContainerItemProxy */;
		};
		57A83C0F2056037E002B0CA0 /* PBXTargetDependency */ = {
			isa = PBXTargetDependency;
			target = 57A83BF32056037E002B0CA0 /* Monitor */;
			targetProxy = 57A83C0E2056037E002B0CA0 /* PBXContainerItemProxy */;
		};
/* End PBXTargetDependency section */

/* Begin PBXVariantGroup section */
		3DDDFAFC1FD980DB00C00561 /* Main.storyboard */ = {
			isa = PBXVariantGroup;
			children = (
				3DDDFAFD1FD980DB00C00561 /* Base */,
			);
			name = Main.storyboard;
			sourceTree = "<group>";
		};
		3DDDFB011FD980DB00C00561 /* LaunchScreen.storyboard */ = {
			isa = PBXVariantGroup;
			children = (
				3DDDFB021FD980DB00C00561 /* Base */,
			);
			name = LaunchScreen.storyboard;
			sourceTree = "<group>";
		};
		57A83BF62056037E002B0CA0 /* Interface.storyboard */ = {
			isa = PBXVariantGroup;
			children = (
				57A83BF72056037E002B0CA0 /* Base */,
			);
			name = Interface.storyboard;
			sourceTree = "<group>";
		};
/* End PBXVariantGroup section */

/* Begin XCBuildConfiguration section */
		3DDDFB051FD980DB00C00561 /* Debug */ = {
			isa = XCBuildConfiguration;
			buildSettings = {
				ALWAYS_SEARCH_USER_PATHS = NO;
				CLANG_ANALYZER_NONNULL = YES;
				CLANG_ANALYZER_NUMBER_OBJECT_CONVERSION = YES_AGGRESSIVE;
				CLANG_CXX_LANGUAGE_STANDARD = "gnu++14";
				CLANG_CXX_LIBRARY = "libc++";
				CLANG_ENABLE_MODULES = YES;
				CLANG_ENABLE_OBJC_ARC = YES;
				CLANG_WARN_BLOCK_CAPTURE_AUTORELEASING = YES;
				CLANG_WARN_BOOL_CONVERSION = YES;
				CLANG_WARN_COMMA = YES;
				CLANG_WARN_CONSTANT_CONVERSION = YES;
				CLANG_WARN_DIRECT_OBJC_ISA_USAGE = YES_ERROR;
				CLANG_WARN_DOCUMENTATION_COMMENTS = YES;
				CLANG_WARN_EMPTY_BODY = YES;
				CLANG_WARN_ENUM_CONVERSION = YES;
				CLANG_WARN_INFINITE_RECURSION = YES;
				CLANG_WARN_INT_CONVERSION = YES;
				CLANG_WARN_NON_LITERAL_NULL_CONVERSION = YES;
				CLANG_WARN_OBJC_LITERAL_CONVERSION = YES;
				CLANG_WARN_OBJC_ROOT_CLASS = YES_ERROR;
				CLANG_WARN_RANGE_LOOP_ANALYSIS = YES;
				CLANG_WARN_STRICT_PROTOTYPES = YES;
				CLANG_WARN_SUSPICIOUS_MOVE = YES;
				CLANG_WARN_UNGUARDED_AVAILABILITY = YES_AGGRESSIVE;
				CLANG_WARN_UNREACHABLE_CODE = YES;
				CLANG_WARN__DUPLICATE_METHOD_MATCH = YES;
				CODE_SIGN_IDENTITY = "iPhone Developer";
				COPY_PHASE_STRIP = NO;
				DEBUG_INFORMATION_FORMAT = dwarf;
				ENABLE_STRICT_OBJC_MSGSEND = YES;
				ENABLE_TESTABILITY = YES;
				GCC_C_LANGUAGE_STANDARD = gnu11;
				GCC_DYNAMIC_NO_PIC = NO;
				GCC_NO_COMMON_BLOCKS = YES;
				GCC_OPTIMIZATION_LEVEL = 0;
				GCC_PREPROCESSOR_DEFINITIONS = (
					"DEBUG=1",
					"$(inherited)",
				);
				GCC_WARN_64_TO_32_BIT_CONVERSION = YES;
				GCC_WARN_ABOUT_RETURN_TYPE = YES_ERROR;
				GCC_WARN_UNDECLARED_SELECTOR = YES;
				GCC_WARN_UNINITIALIZED_AUTOS = YES_AGGRESSIVE;
				GCC_WARN_UNUSED_FUNCTION = YES;
				GCC_WARN_UNUSED_VARIABLE = YES;
				IPHONEOS_DEPLOYMENT_TARGET = 11.2;
				MTL_ENABLE_DEBUG_INFO = YES;
				ONLY_ACTIVE_ARCH = YES;
				SDKROOT = iphoneos;
				SWIFT_ACTIVE_COMPILATION_CONDITIONS = DEBUG;
				SWIFT_OPTIMIZATION_LEVEL = "-Onone";
			};
			name = Debug;
		};
		3DDDFB061FD980DB00C00561 /* Release */ = {
			isa = XCBuildConfiguration;
			buildSettings = {
				ALWAYS_SEARCH_USER_PATHS = NO;
				CLANG_ANALYZER_NONNULL = YES;
				CLANG_ANALYZER_NUMBER_OBJECT_CONVERSION = YES_AGGRESSIVE;
				CLANG_CXX_LANGUAGE_STANDARD = "gnu++14";
				CLANG_CXX_LIBRARY = "libc++";
				CLANG_ENABLE_MODULES = YES;
				CLANG_ENABLE_OBJC_ARC = YES;
				CLANG_WARN_BLOCK_CAPTURE_AUTORELEASING = YES;
				CLANG_WARN_BOOL_CONVERSION = YES;
				CLANG_WARN_COMMA = YES;
				CLANG_WARN_CONSTANT_CONVERSION = YES;
				CLANG_WARN_DIRECT_OBJC_ISA_USAGE = YES_ERROR;
				CLANG_WARN_DOCUMENTATION_COMMENTS = YES;
				CLANG_WARN_EMPTY_BODY = YES;
				CLANG_WARN_ENUM_CONVERSION = YES;
				CLANG_WARN_INFINITE_RECURSION = YES;
				CLANG_WARN_INT_CONVERSION = YES;
				CLANG_WARN_NON_LITERAL_NULL_CONVERSION = YES;
				CLANG_WARN_OBJC_LITERAL_CONVERSION = YES;
				CLANG_WARN_OBJC_ROOT_CLASS = YES_ERROR;
				CLANG_WARN_RANGE_LOOP_ANALYSIS = YES;
				CLANG_WARN_STRICT_PROTOTYPES = YES;
				CLANG_WARN_SUSPICIOUS_MOVE = YES;
				CLANG_WARN_UNGUARDED_AVAILABILITY = YES_AGGRESSIVE;
				CLANG_WARN_UNREACHABLE_CODE = YES;
				CLANG_WARN__DUPLICATE_METHOD_MATCH = YES;
				CODE_SIGN_IDENTITY = "iPhone Developer";
				COPY_PHASE_STRIP = NO;
				DEBUG_INFORMATION_FORMAT = "dwarf-with-dsym";
				ENABLE_NS_ASSERTIONS = NO;
				ENABLE_STRICT_OBJC_MSGSEND = YES;
				GCC_C_LANGUAGE_STANDARD = gnu11;
				GCC_NO_COMMON_BLOCKS = YES;
				GCC_WARN_64_TO_32_BIT_CONVERSION = YES;
				GCC_WARN_ABOUT_RETURN_TYPE = YES_ERROR;
				GCC_WARN_UNDECLARED_SELECTOR = YES;
				GCC_WARN_UNINITIALIZED_AUTOS = YES_AGGRESSIVE;
				GCC_WARN_UNUSED_FUNCTION = YES;
				GCC_WARN_UNUSED_VARIABLE = YES;
				IPHONEOS_DEPLOYMENT_TARGET = 11.2;
				MTL_ENABLE_DEBUG_INFO = NO;
				SDKROOT = iphoneos;
				SWIFT_OPTIMIZATION_LEVEL = "-Owholemodule";
				VALIDATE_PRODUCT = YES;
			};
			name = Release;
		};
		3DDDFB081FD980DB00C00561 /* Debug */ = {
			isa = XCBuildConfiguration;
			buildSettings = {
				ALWAYS_EMBED_SWIFT_STANDARD_LIBRARIES = YES;
				ASSETCATALOG_COMPILER_APPICON_NAME = AppIcon;
				CODE_SIGN_STYLE = Automatic;
				DEVELOPMENT_TEAM = 3C42F7N9CQ;
				INFOPLIST_FILE = BitcoinInvestmentMonitor/Info.plist;
				IPHONEOS_DEPLOYMENT_TARGET = 11.1;
				LD_RUNPATH_SEARCH_PATHS = "$(inherited) @executable_path/Frameworks";
				PRODUCT_BUNDLE_IDENTIFIER = com.jossy.BitcoinInvestmentMonitor;
				PRODUCT_NAME = Cryptarch;
				SWIFT_VERSION = 4.0;
				TARGETED_DEVICE_FAMILY = "1,2";
			};
			name = Debug;
		};
		3DDDFB091FD980DB00C00561 /* Release */ = {
			isa = XCBuildConfiguration;
			buildSettings = {
				ALWAYS_EMBED_SWIFT_STANDARD_LIBRARIES = YES;
				ASSETCATALOG_COMPILER_APPICON_NAME = AppIcon;
				CODE_SIGN_STYLE = Automatic;
				DEVELOPMENT_TEAM = 3C42F7N9CQ;
				INFOPLIST_FILE = BitcoinInvestmentMonitor/Info.plist;
				IPHONEOS_DEPLOYMENT_TARGET = 11.1;
				LD_RUNPATH_SEARCH_PATHS = "$(inherited) @executable_path/Frameworks";
				PRODUCT_BUNDLE_IDENTIFIER = com.jossy.BitcoinInvestmentMonitor;
				PRODUCT_NAME = Cryptarch;
				SWIFT_VERSION = 4.0;
				TARGETED_DEVICE_FAMILY = "1,2";
			};
			name = Release;
		};
		3DFACF7720C969E600CCC092 /* Debug */ = {
			isa = XCBuildConfiguration;
			buildSettings = {
				CLANG_ENABLE_MODULES = YES;
				CLANG_ENABLE_OBJC_WEAK = YES;
				CLANG_WARN_DEPRECATED_OBJC_IMPLEMENTATIONS = YES;
				CLANG_WARN_OBJC_IMPLICIT_RETAIN_SELF = YES;
				CODE_SIGN_IDENTITY = "";
				CODE_SIGN_STYLE = Automatic;
				CURRENT_PROJECT_VERSION = 1;
				DEFINES_MODULE = YES;
				DEVELOPMENT_TEAM = 3C42F7N9CQ;
				DYLIB_COMPATIBILITY_VERSION = 1;
				DYLIB_CURRENT_VERSION = 1;
				DYLIB_INSTALL_NAME_BASE = "@rpath";
				INFOPLIST_FILE = PieCell/Info.plist;
				INSTALL_PATH = "$(LOCAL_LIBRARY_DIR)/Frameworks";
				IPHONEOS_DEPLOYMENT_TARGET = 11.1;
				LD_RUNPATH_SEARCH_PATHS = "$(inherited) @executable_path/Frameworks @loader_path/Frameworks";
				PRODUCT_BUNDLE_IDENTIFIER = com.jossy.PieCell;
				PRODUCT_NAME = "$(TARGET_NAME:c99extidentifier)";
				SKIP_INSTALL = YES;
				SWIFT_OPTIMIZATION_LEVEL = "-Onone";
				SWIFT_VERSION = 4.0;
				TARGETED_DEVICE_FAMILY = "1,2";
				VERSIONING_SYSTEM = "apple-generic";
				VERSION_INFO_PREFIX = "";
			};
			name = Debug;
		};
		3DFACF7820C969E600CCC092 /* Release */ = {
			isa = XCBuildConfiguration;
			buildSettings = {
				CLANG_ENABLE_MODULES = YES;
				CLANG_ENABLE_OBJC_WEAK = YES;
				CLANG_WARN_DEPRECATED_OBJC_IMPLEMENTATIONS = YES;
				CLANG_WARN_OBJC_IMPLICIT_RETAIN_SELF = YES;
				CODE_SIGN_IDENTITY = "";
				CODE_SIGN_STYLE = Automatic;
				CURRENT_PROJECT_VERSION = 1;
				DEFINES_MODULE = YES;
				DEVELOPMENT_TEAM = 3C42F7N9CQ;
				DYLIB_COMPATIBILITY_VERSION = 1;
				DYLIB_CURRENT_VERSION = 1;
				DYLIB_INSTALL_NAME_BASE = "@rpath";
				INFOPLIST_FILE = PieCell/Info.plist;
				INSTALL_PATH = "$(LOCAL_LIBRARY_DIR)/Frameworks";
				IPHONEOS_DEPLOYMENT_TARGET = 11.1;
				LD_RUNPATH_SEARCH_PATHS = "$(inherited) @executable_path/Frameworks @loader_path/Frameworks";
				PRODUCT_BUNDLE_IDENTIFIER = com.jossy.PieCell;
				PRODUCT_NAME = "$(TARGET_NAME:c99extidentifier)";
				SKIP_INSTALL = YES;
				SWIFT_VERSION = 4.0;
				TARGETED_DEVICE_FAMILY = "1,2";
				VERSIONING_SYSTEM = "apple-generic";
				VERSION_INFO_PREFIX = "";
			};
			name = Release;
		};
		57A83C112056037E002B0CA0 /* Debug */ = {
			isa = XCBuildConfiguration;
			buildSettings = {
				ALWAYS_EMBED_SWIFT_STANDARD_LIBRARIES = YES;
				ASSETCATALOG_COMPILER_APPICON_NAME = AppIcon;
				CODE_SIGN_STYLE = Automatic;
				DEVELOPMENT_TEAM = 3C42F7N9CQ;
				IBSC_MODULE = Monitor_Extension;
				INFOPLIST_FILE = Monitor/Info.plist;
				PRODUCT_BUNDLE_IDENTIFIER = com.jossy.BitcoinInvestmentMonitor.watchkitapp;
				PRODUCT_NAME = "$(TARGET_NAME)";
				SDKROOT = watchos;
				SKIP_INSTALL = YES;
				SWIFT_VERSION = 4.0;
				TARGETED_DEVICE_FAMILY = 4;
				WATCHOS_DEPLOYMENT_TARGET = 4.2;
			};
			name = Debug;
		};
		57A83C122056037E002B0CA0 /* Release */ = {
			isa = XCBuildConfiguration;
			buildSettings = {
				ALWAYS_EMBED_SWIFT_STANDARD_LIBRARIES = YES;
				ASSETCATALOG_COMPILER_APPICON_NAME = AppIcon;
				CODE_SIGN_STYLE = Automatic;
				DEVELOPMENT_TEAM = 3C42F7N9CQ;
				IBSC_MODULE = Monitor_Extension;
				INFOPLIST_FILE = Monitor/Info.plist;
				PRODUCT_BUNDLE_IDENTIFIER = com.jossy.BitcoinInvestmentMonitor.watchkitapp;
				PRODUCT_NAME = "$(TARGET_NAME)";
				SDKROOT = watchos;
				SKIP_INSTALL = YES;
				SWIFT_VERSION = 4.0;
				TARGETED_DEVICE_FAMILY = 4;
				WATCHOS_DEPLOYMENT_TARGET = 4.2;
			};
			name = Release;
		};
		57A83C132056037E002B0CA0 /* Debug */ = {
			isa = XCBuildConfiguration;
			buildSettings = {
				ASSETCATALOG_COMPILER_COMPLICATION_NAME = Complication;
				CODE_SIGN_STYLE = Automatic;
				DEVELOPMENT_TEAM = 3C42F7N9CQ;
				INFOPLIST_FILE = "Monitor Extension/Info.plist";
				LD_RUNPATH_SEARCH_PATHS = "$(inherited) @executable_path/Frameworks @executable_path/../../Frameworks";
				PRODUCT_BUNDLE_IDENTIFIER = com.jossy.BitcoinInvestmentMonitor.watchkitapp.watchkitextension;
				PRODUCT_NAME = "${TARGET_NAME}";
				SDKROOT = watchos;
				SKIP_INSTALL = YES;
				SWIFT_VERSION = 4.0;
				TARGETED_DEVICE_FAMILY = 4;
				WATCHOS_DEPLOYMENT_TARGET = 4.2;
			};
			name = Debug;
		};
		57A83C142056037E002B0CA0 /* Release */ = {
			isa = XCBuildConfiguration;
			buildSettings = {
				ASSETCATALOG_COMPILER_COMPLICATION_NAME = Complication;
				CODE_SIGN_STYLE = Automatic;
				DEVELOPMENT_TEAM = 3C42F7N9CQ;
				INFOPLIST_FILE = "Monitor Extension/Info.plist";
				LD_RUNPATH_SEARCH_PATHS = "$(inherited) @executable_path/Frameworks @executable_path/../../Frameworks";
				PRODUCT_BUNDLE_IDENTIFIER = com.jossy.BitcoinInvestmentMonitor.watchkitapp.watchkitextension;
				PRODUCT_NAME = "${TARGET_NAME}";
				SDKROOT = watchos;
				SKIP_INSTALL = YES;
				SWIFT_VERSION = 4.0;
				TARGETED_DEVICE_FAMILY = 4;
				WATCHOS_DEPLOYMENT_TARGET = 4.2;
			};
			name = Release;
		};
/* End XCBuildConfiguration section */

/* Begin XCConfigurationList section */
		3DDDFAF01FD980DA00C00561 /* Build configuration list for PBXProject "BitcoinInvestmentMonitor" */ = {
			isa = XCConfigurationList;
			buildConfigurations = (
				3DDDFB051FD980DB00C00561 /* Debug */,
				3DDDFB061FD980DB00C00561 /* Release */,
			);
			defaultConfigurationIsVisible = 0;
			defaultConfigurationName = Release;
		};
		3DDDFB071FD980DB00C00561 /* Build configuration list for PBXNativeTarget "BitcoinInvestmentMonitor" */ = {
			isa = XCConfigurationList;
			buildConfigurations = (
				3DDDFB081FD980DB00C00561 /* Debug */,
				3DDDFB091FD980DB00C00561 /* Release */,
			);
			defaultConfigurationIsVisible = 0;
			defaultConfigurationName = Release;
		};
		3DFACF7920C969E600CCC092 /* Build configuration list for PBXNativeTarget "PieCell" */ = {
			isa = XCConfigurationList;
			buildConfigurations = (
				3DFACF7720C969E600CCC092 /* Debug */,
				3DFACF7820C969E600CCC092 /* Release */,
			);
			defaultConfigurationIsVisible = 0;
			defaultConfigurationName = Release;
		};
		57A83C152056037E002B0CA0 /* Build configuration list for PBXNativeTarget "Monitor Extension" */ = {
			isa = XCConfigurationList;
			buildConfigurations = (
				57A83C132056037E002B0CA0 /* Debug */,
				57A83C142056037E002B0CA0 /* Release */,
			);
			defaultConfigurationIsVisible = 0;
			defaultConfigurationName = Release;
		};
		57A83C172056037E002B0CA0 /* Build configuration list for PBXNativeTarget "Monitor" */ = {
			isa = XCConfigurationList;
			buildConfigurations = (
				57A83C112056037E002B0CA0 /* Debug */,
				57A83C122056037E002B0CA0 /* Release */,
			);
			defaultConfigurationIsVisible = 0;
			defaultConfigurationName = Release;
		};
/* End XCConfigurationList section */

/* Begin XCVersionGroup section */
		3DDDFB311FD9894A00C00561 /* BTCModel.xcdatamodeld */ = {
			isa = XCVersionGroup;
			children = (
				3DDDFB321FD9894A00C00561 /* BTCModel.xcdatamodel */,
			);
			currentVersion = 3DDDFB321FD9894A00C00561 /* BTCModel.xcdatamodel */;
			path = BTCModel.xcdatamodeld;
			sourceTree = "<group>";
			versionGroupType = wrapper.xcdatamodel;
		};
/* End XCVersionGroup section */
	};
	rootObject = 3DDDFAED1FD980DA00C00561 /* Project object */;
}
